// !$*UTF8*$!
{
	archiveVersion = 1;
	classes = {
	};
	objectVersion = 56;
	objects = {

/* Begin PBXBuildFile section */
		590E7EBB2BBBC19F003282D7 /* AppDelegate.swift in Sources */ = {isa = PBXBuildFile; fileRef = 590E7EBA2BBBC19F003282D7 /* AppDelegate.swift */; };
		590E7EBD2BBBC19F003282D7 /* SceneDelegate.swift in Sources */ = {isa = PBXBuildFile; fileRef = 590E7EBC2BBBC19F003282D7 /* SceneDelegate.swift */; };
		590E7EBF2BBBC19F003282D7 /* ViewController.swift in Sources */ = {isa = PBXBuildFile; fileRef = 590E7EBE2BBBC19F003282D7 /* ViewController.swift */; };
		590E7EC22BBBC19F003282D7 /* Base in Resources */ = {isa = PBXBuildFile; fileRef = 590E7EC12BBBC19F003282D7 /* Base */; };
		590E7EC42BBBC19F003282D7 /* Assets.xcassets in Resources */ = {isa = PBXBuildFile; fileRef = 590E7EC32BBBC19F003282D7 /* Assets.xcassets */; };
		590E7EC72BBBC19F003282D7 /* Base in Resources */ = {isa = PBXBuildFile; fileRef = 590E7EC62BBBC19F003282D7 /* Base */; };
		590E7ED22BBBC19F003282D7 /* HelloIOSTests.swift in Sources */ = {isa = PBXBuildFile; fileRef = 590E7ED12BBBC19F003282D7 /* HelloIOSTests.swift */; };
		590E7EDC2BBBC19F003282D7 /* HelloIOSUITests.swift in Sources */ = {isa = PBXBuildFile; fileRef = 590E7EDB2BBBC19F003282D7 /* HelloIOSUITests.swift */; };
		590E7EDE2BBBC19F003282D7 /* HelloIOSUITestsLaunchTests.swift in Sources */ = {isa = PBXBuildFile; fileRef = 590E7EDD2BBBC19F003282D7 /* HelloIOSUITestsLaunchTests.swift */; };
/* End PBXBuildFile section */

/* Begin PBXContainerItemProxy section */
		590E7ECE2BBBC19F003282D7 /* PBXContainerItemProxy */ = {
			isa = PBXContainerItemProxy;
			containerPortal = 590E7EAF2BBBC19F003282D7 /* Project object */;
			proxyType = 1;
			remoteGlobalIDString = 590E7EB62BBBC19F003282D7;
			remoteInfo = HelloIOS;
		};
		590E7ED82BBBC19F003282D7 /* PBXContainerItemProxy */ = {
			isa = PBXContainerItemProxy;
			containerPortal = 590E7EAF2BBBC19F003282D7 /* Project object */;
			proxyType = 1;
			remoteGlobalIDString = 590E7EB62BBBC19F003282D7;
			remoteInfo = HelloIOS;
		};
/* End PBXContainerItemProxy section */

/* Begin PBXFileReference section */
		590E7EB72BBBC19F003282D7 /* HelloIOS.app */ = {isa = PBXFileReference; explicitFileType = wrapper.application; includeInIndex = 0; path = HelloIOS.app; sourceTree = BUILT_PRODUCTS_DIR; };
		590E7EBA2BBBC19F003282D7 /* AppDelegate.swift */ = {isa = PBXFileReference; lastKnownFileType = sourcecode.swift; path = AppDelegate.swift; sourceTree = "<group>"; };
		590E7EBC2BBBC19F003282D7 /* SceneDelegate.swift */ = {isa = PBXFileReference; lastKnownFileType = sourcecode.swift; path = SceneDelegate.swift; sourceTree = "<group>"; };
		590E7EBE2BBBC19F003282D7 /* ViewController.swift */ = {isa = PBXFileReference; lastKnownFileType = sourcecode.swift; path = ViewController.swift; sourceTree = "<group>"; };
		590E7EC12BBBC19F003282D7 /* Base */ = {isa = PBXFileReference; lastKnownFileType = file.storyboard; name = Base; path = Base.lproj/Main.storyboard; sourceTree = "<group>"; };
		590E7EC32BBBC19F003282D7 /* Assets.xcassets */ = {isa = PBXFileReference; lastKnownFileType = folder.assetcatalog; path = Assets.xcassets; sourceTree = "<group>"; };
		590E7EC62BBBC19F003282D7 /* Base */ = {isa = PBXFileReference; lastKnownFileType = file.storyboard; name = Base; path = Base.lproj/LaunchScreen.storyboard; sourceTree = "<group>"; };
		590E7EC82BBBC19F003282D7 /* Info.plist */ = {isa = PBXFileReference; lastKnownFileType = text.plist.xml; path = Info.plist; sourceTree = "<group>"; };
		590E7ECD2BBBC19F003282D7 /* HelloIOSTests.xctest */ = {isa = PBXFileReference; explicitFileType = wrapper.cfbundle; includeInIndex = 0; path = HelloIOSTests.xctest; sourceTree = BUILT_PRODUCTS_DIR; };
		590E7ED12BBBC19F003282D7 /* HelloIOSTests.swift */ = {isa = PBXFileReference; lastKnownFileType = sourcecode.swift; path = HelloIOSTests.swift; sourceTree = "<group>"; };
		590E7ED72BBBC19F003282D7 /* HelloIOSUITests.xctest */ = {isa = PBXFileReference; explicitFileType = wrapper.cfbundle; includeInIndex = 0; path = HelloIOSUITests.xctest; sourceTree = BUILT_PRODUCTS_DIR; };
		590E7EDB2BBBC19F003282D7 /* HelloIOSUITests.swift */ = {isa = PBXFileReference; lastKnownFileType = sourcecode.swift; path = HelloIOSUITests.swift; sourceTree = "<group>"; };
		590E7EDD2BBBC19F003282D7 /* HelloIOSUITestsLaunchTests.swift */ = {isa = PBXFileReference; lastKnownFileType = sourcecode.swift; path = HelloIOSUITestsLaunchTests.swift; sourceTree = "<group>"; };
/* End PBXFileReference section */

/* Begin PBXFrameworksBuildPhase section */
		590E7EB42BBBC19F003282D7 /* Frameworks */ = {
			isa = PBXFrameworksBuildPhase;
			buildActionMask = 2147483647;
			files = (
			);
			runOnlyForDeploymentPostprocessing = 0;
		};
		590E7ECA2BBBC19F003282D7 /* Frameworks */ = {
			isa = PBXFrameworksBuildPhase;
			buildActionMask = 2147483647;
			files = (
			);
			runOnlyForDeploymentPostprocessing = 0;
		};
		590E7ED42BBBC19F003282D7 /* Frameworks */ = {
			isa = PBXFrameworksBuildPhase;
			buildActionMask = 2147483647;
			files = (
			);
			runOnlyForDeploymentPostprocessing = 0;
		};
/* End PBXFrameworksBuildPhase section */

/* Begin PBXGroup section */
		590E7EAE2BBBC19F003282D7 = {
			isa = PBXGroup;
			children = (
				590E7EB92BBBC19F003282D7 /* HelloIOS */,
				590E7ED02BBBC19F003282D7 /* HelloIOSTests */,
				590E7EDA2BBBC19F003282D7 /* HelloIOSUITests */,
				590E7EB82BBBC19F003282D7 /* Products */,
			);
			sourceTree = "<group>";
		};
		590E7EB82BBBC19F003282D7 /* Products */ = {
			isa = PBXGroup;
			children = (
				590E7EB72BBBC19F003282D7 /* HelloIOS.app */,
				590E7ECD2BBBC19F003282D7 /* HelloIOSTests.xctest */,
				590E7ED72BBBC19F003282D7 /* HelloIOSUITests.xctest */,
			);
			name = Products;
			sourceTree = "<group>";
		};
		590E7EB92BBBC19F003282D7 /* HelloIOS */ = {
			isa = PBXGroup;
			children = (
				590E7EBA2BBBC19F003282D7 /* AppDelegate.swift */,
				590E7EBC2BBBC19F003282D7 /* SceneDelegate.swift */,
				590E7EBE2BBBC19F003282D7 /* ViewController.swift */,
				590E7EC02BBBC19F003282D7 /* Main.storyboard */,
				590E7EC32BBBC19F003282D7 /* Assets.xcassets */,
				590E7EC52BBBC19F003282D7 /* LaunchScreen.storyboard */,
				590E7EC82BBBC19F003282D7 /* Info.plist */,
			);
			path = HelloIOS;
			sourceTree = "<group>";
		};
		590E7ED02BBBC19F003282D7 /* HelloIOSTests */ = {
			isa = PBXGroup;
			children = (
				590E7ED12BBBC19F003282D7 /* HelloIOSTests.swift */,
			);
			path = HelloIOSTests;
			sourceTree = "<group>";
		};
		590E7EDA2BBBC19F003282D7 /* HelloIOSUITests */ = {
			isa = PBXGroup;
			children = (
				590E7EDB2BBBC19F003282D7 /* HelloIOSUITests.swift */,
				590E7EDD2BBBC19F003282D7 /* HelloIOSUITestsLaunchTests.swift */,
			);
			path = HelloIOSUITests;
			sourceTree = "<group>";
		};
/* End PBXGroup section */

/* Begin PBXNativeTarget section */
		590E7EB62BBBC19F003282D7 /* HelloIOS */ = {
			isa = PBXNativeTarget;
			buildConfigurationList = 590E7EE12BBBC19F003282D7 /* Build configuration list for PBXNativeTarget "HelloIOS" */;
			buildPhases = (
				590E7EB32BBBC19F003282D7 /* Sources */,
				590E7EB42BBBC19F003282D7 /* Frameworks */,
				590E7EB52BBBC19F003282D7 /* Resources */,
			);
			buildRules = (
			);
			dependencies = (
			);
			name = HelloIOS;
			productName = HelloIOS;
			productReference = 590E7EB72BBBC19F003282D7 /* HelloIOS.app */;
			productType = "com.apple.product-type.application";
		};
		590E7ECC2BBBC19F003282D7 /* HelloIOSTests */ = {
			isa = PBXNativeTarget;
			buildConfigurationList = 590E7EE42BBBC19F003282D7 /* Build configuration list for PBXNativeTarget "HelloIOSTests" */;
			buildPhases = (
				590E7EC92BBBC19F003282D7 /* Sources */,
				590E7ECA2BBBC19F003282D7 /* Frameworks */,
				590E7ECB2BBBC19F003282D7 /* Resources */,
			);
			buildRules = (
			);
			dependencies = (
				590E7ECF2BBBC19F003282D7 /* PBXTargetDependency */,
			);
			name = HelloIOSTests;
			productName = HelloIOSTests;
			productReference = 590E7ECD2BBBC19F003282D7 /* HelloIOSTests.xctest */;
			productType = "com.apple.product-type.bundle.unit-test";
		};
		590E7ED62BBBC19F003282D7 /* HelloIOSUITests */ = {
			isa = PBXNativeTarget;
			buildConfigurationList = 590E7EE72BBBC19F003282D7 /* Build configuration list for PBXNativeTarget "HelloIOSUITests" */;
			buildPhases = (
				590E7ED32BBBC19F003282D7 /* Sources */,
				590E7ED42BBBC19F003282D7 /* Frameworks */,
				590E7ED52BBBC19F003282D7 /* Resources */,
			);
			buildRules = (
			);
			dependencies = (
				590E7ED92BBBC19F003282D7 /* PBXTargetDependency */,
			);
			name = HelloIOSUITests;
			productName = HelloIOSUITests;
			productReference = 590E7ED72BBBC19F003282D7 /* HelloIOSUITests.xctest */;
			productType = "com.apple.product-type.bundle.ui-testing";
		};
/* End PBXNativeTarget section */

/* Begin PBXProject section */
		590E7EAF2BBBC19F003282D7 /* Project object */ = {
			isa = PBXProject;
			attributes = {
				BuildIndependentTargetsInParallel = 1;
				LastSwiftUpdateCheck = 1530;
				LastUpgradeCheck = 1530;
				TargetAttributes = {
					590E7EB62BBBC19F003282D7 = {
						CreatedOnToolsVersion = 15.3;
					};
					590E7ECC2BBBC19F003282D7 = {
						CreatedOnToolsVersion = 15.3;
						TestTargetID = 590E7EB62BBBC19F003282D7;
					};
					590E7ED62BBBC19F003282D7 = {
						CreatedOnToolsVersion = 15.3;
						TestTargetID = 590E7EB62BBBC19F003282D7;
					};
				};
			};
			buildConfigurationList = 590E7EB22BBBC19F003282D7 /* Build configuration list for PBXProject "HelloIOS" */;
			compatibilityVersion = "Xcode 14.0";
			developmentRegion = en;
			hasScannedForEncodings = 0;
			knownRegions = (
				en,
				Base,
			);
			mainGroup = 590E7EAE2BBBC19F003282D7;
			productRefGroup = 590E7EB82BBBC19F003282D7 /* Products */;
			projectDirPath = "";
			projectRoot = "";
			targets = (
				590E7EB62BBBC19F003282D7 /* HelloIOS */,
				590E7ECC2BBBC19F003282D7 /* HelloIOSTests */,
				590E7ED62BBBC19F003282D7 /* HelloIOSUITests */,
			);
		};
/* End PBXProject section */

/* Begin PBXResourcesBuildPhase section */
		590E7EB52BBBC19F003282D7 /* Resources */ = {
			isa = PBXResourcesBuildPhase;
			buildActionMask = 2147483647;
			files = (
				590E7EC42BBBC19F003282D7 /* Assets.xcassets in Resources */,
				590E7EC72BBBC19F003282D7 /* Base in Resources */,
				590E7EC22BBBC19F003282D7 /* Base in Resources */,
			);
			runOnlyForDeploymentPostprocessing = 0;
		};
		590E7ECB2BBBC19F003282D7 /* Resources */ = {
			isa = PBXResourcesBuildPhase;
			buildActionMask = 2147483647;
			files = (
			);
			runOnlyForDeploymentPostprocessing = 0;
		};
		590E7ED52BBBC19F003282D7 /* Resources */ = {
			isa = PBXResourcesBuildPhase;
			buildActionMask = 2147483647;
			files = (
			);
			runOnlyForDeploymentPostprocessing = 0;
		};
/* End PBXResourcesBuildPhase section */

/* Begin PBXSourcesBuildPhase section */
		590E7EB32BBBC19F003282D7 /* Sources */ = {
			isa = PBXSourcesBuildPhase;
			buildActionMask = 2147483647;
			files = (
				590E7EBF2BBBC19F003282D7 /* ViewController.swift in Sources */,
				590E7EBB2BBBC19F003282D7 /* AppDelegate.swift in Sources */,
				590E7EBD2BBBC19F003282D7 /* SceneDelegate.swift in Sources */,
			);
			runOnlyForDeploymentPostprocessing = 0;
		};
		590E7EC92BBBC19F003282D7 /* Sources */ = {
			isa = PBXSourcesBuildPhase;
			buildActionMask = 2147483647;
			files = (
				590E7ED22BBBC19F003282D7 /* HelloIOSTests.swift in Sources */,
			);
			runOnlyForDeploymentPostprocessing = 0;
		};
		590E7ED32BBBC19F003282D7 /* Sources */ = {
			isa = PBXSourcesBuildPhase;
			buildActionMask = 2147483647;
			files = (
				590E7EDE2BBBC19F003282D7 /* HelloIOSUITestsLaunchTests.swift in Sources */,
				590E7EDC2BBBC19F003282D7 /* HelloIOSUITests.swift in Sources */,
			);
			runOnlyForDeploymentPostprocessing = 0;
		};
/* End PBXSourcesBuildPhase section */

/* Begin PBXTargetDependency section */
		590E7ECF2BBBC19F003282D7 /* PBXTargetDependency */ = {
			isa = PBXTargetDependency;
			target = 590E7EB62BBBC19F003282D7 /* HelloIOS */;
			targetProxy = 590E7ECE2BBBC19F003282D7 /* PBXContainerItemProxy */;
		};
		590E7ED92BBBC19F003282D7 /* PBXTargetDependency */ = {
			isa = PBXTargetDependency;
			target = 590E7EB62BBBC19F003282D7 /* HelloIOS */;
			targetProxy = 590E7ED82BBBC19F003282D7 /* PBXContainerItemProxy */;
		};
/* End PBXTargetDependency section */

/* Begin PBXVariantGroup section */
		590E7EC02BBBC19F003282D7 /* Main.storyboard */ = {
			isa = PBXVariantGroup;
			children = (
				590E7EC12BBBC19F003282D7 /* Base */,
			);
			name = Main.storyboard;
			sourceTree = "<group>";
		};
		590E7EC52BBBC19F003282D7 /* LaunchScreen.storyboard */ = {
			isa = PBXVariantGroup;
			children = (
				590E7EC62BBBC19F003282D7 /* Base */,
			);
			name = LaunchScreen.storyboard;
			sourceTree = "<group>";
		};
/* End PBXVariantGroup section */

/* Begin XCBuildConfiguration section */
		590E7EDF2BBBC19F003282D7 /* Debug */ = {
			isa = XCBuildConfiguration;
			buildSettings = {
				ALWAYS_SEARCH_USER_PATHS = NO;
				ASSETCATALOG_COMPILER_GENERATE_SWIFT_ASSET_SYMBOL_EXTENSIONS = YES;
				CLANG_ANALYZER_NONNULL = YES;
				CLANG_ANALYZER_NUMBER_OBJECT_CONVERSION = YES_AGGRESSIVE;
				CLANG_CXX_LANGUAGE_STANDARD = "gnu++20";
				CLANG_ENABLE_MODULES = YES;
				CLANG_ENABLE_OBJC_ARC = YES;
				CLANG_ENABLE_OBJC_WEAK = YES;
				CLANG_WARN_BLOCK_CAPTURE_AUTORELEASING = YES;
				CLANG_WARN_BOOL_CONVERSION = YES;
				CLANG_WARN_COMMA = YES;
				CLANG_WARN_CONSTANT_CONVERSION = YES;
				CLANG_WARN_DEPRECATED_OBJC_IMPLEMENTATIONS = YES;
				CLANG_WARN_DIRECT_OBJC_ISA_USAGE = YES_ERROR;
				CLANG_WARN_DOCUMENTATION_COMMENTS = YES;
				CLANG_WARN_EMPTY_BODY = YES;
				CLANG_WARN_ENUM_CONVERSION = YES;
				CLANG_WARN_INFINITE_RECURSION = YES;
				CLANG_WARN_INT_CONVERSION = YES;
				CLANG_WARN_NON_LITERAL_NULL_CONVERSION = YES;
				CLANG_WARN_OBJC_IMPLICIT_RETAIN_SELF = YES;
				CLANG_WARN_OBJC_LITERAL_CONVERSION = YES;
				CLANG_WARN_OBJC_ROOT_CLASS = YES_ERROR;
				CLANG_WARN_QUOTED_INCLUDE_IN_FRAMEWORK_HEADER = YES;
				CLANG_WARN_RANGE_LOOP_ANALYSIS = YES;
				CLANG_WARN_STRICT_PROTOTYPES = YES;
				CLANG_WARN_SUSPICIOUS_MOVE = YES;
				CLANG_WARN_UNGUARDED_AVAILABILITY = YES_AGGRESSIVE;
				CLANG_WARN_UNREACHABLE_CODE = YES;
				CLANG_WARN__DUPLICATE_METHOD_MATCH = YES;
				COPY_PHASE_STRIP = NO;
				DEBUG_INFORMATION_FORMAT = dwarf;
				ENABLE_STRICT_OBJC_MSGSEND = YES;
				ENABLE_TESTABILITY = YES;
				ENABLE_USER_SCRIPT_SANDBOXING = YES;
				GCC_C_LANGUAGE_STANDARD = gnu17;
				GCC_DYNAMIC_NO_PIC = NO;
				GCC_NO_COMMON_BLOCKS = YES;
				GCC_OPTIMIZATION_LEVEL = 0;
				GCC_PREPROCESSOR_DEFINITIONS = (
					"DEBUG=1",
					"$(inherited)",
				);
				GCC_WARN_64_TO_32_BIT_CONVERSION = YES;
				GCC_WARN_ABOUT_RETURN_TYPE = YES_ERROR;
				GCC_WARN_UNDECLARED_SELECTOR = YES;
				GCC_WARN_UNINITIALIZED_AUTOS = YES_AGGRESSIVE;
				GCC_WARN_UNUSED_FUNCTION = YES;
				GCC_WARN_UNUSED_VARIABLE = YES;
				IPHONEOS_DEPLOYMENT_TARGET = 17.4;
				LOCALIZATION_PREFERS_STRING_CATALOGS = YES;
				MTL_ENABLE_DEBUG_INFO = INCLUDE_SOURCE;
				MTL_FAST_MATH = YES;
				ONLY_ACTIVE_ARCH = YES;
				SDKROOT = iphoneos;
				SWIFT_ACTIVE_COMPILATION_CONDITIONS = "DEBUG $(inherited)";
				SWIFT_OPTIMIZATION_LEVEL = "-Onone";
			};
			name = Debug;
		};
		590E7EE02BBBC19F003282D7 /* Release */ = {
			isa = XCBuildConfiguration;
			buildSettings = {
				ALWAYS_SEARCH_USER_PATHS = NO;
				ASSETCATALOG_COMPILER_GENERATE_SWIFT_ASSET_SYMBOL_EXTENSIONS = YES;
				CLANG_ANALYZER_NONNULL = YES;
				CLANG_ANALYZER_NUMBER_OBJECT_CONVERSION = YES_AGGRESSIVE;
				CLANG_CXX_LANGUAGE_STANDARD = "gnu++20";
				CLANG_ENABLE_MODULES = YES;
				CLANG_ENABLE_OBJC_ARC = YES;
				CLANG_ENABLE_OBJC_WEAK = YES;
				CLANG_WARN_BLOCK_CAPTURE_AUTORELEASING = YES;
				CLANG_WARN_BOOL_CONVERSION = YES;
				CLANG_WARN_COMMA = YES;
				CLANG_WARN_CONSTANT_CONVERSION = YES;
				CLANG_WARN_DEPRECATED_OBJC_IMPLEMENTATIONS = YES;
				CLANG_WARN_DIRECT_OBJC_ISA_USAGE = YES_ERROR;
				CLANG_WARN_DOCUMENTATION_COMMENTS = YES;
				CLANG_WARN_EMPTY_BODY = YES;
				CLANG_WARN_ENUM_CONVERSION = YES;
				CLANG_WARN_INFINITE_RECURSION = YES;
				CLANG_WARN_INT_CONVERSION = YES;
				CLANG_WARN_NON_LITERAL_NULL_CONVERSION = YES;
				CLANG_WARN_OBJC_IMPLICIT_RETAIN_SELF = YES;
				CLANG_WARN_OBJC_LITERAL_CONVERSION = YES;
				CLANG_WARN_OBJC_ROOT_CLASS = YES_ERROR;
				CLANG_WARN_QUOTED_INCLUDE_IN_FRAMEWORK_HEADER = YES;
				CLANG_WARN_RANGE_LOOP_ANALYSIS = YES;
				CLANG_WARN_STRICT_PROTOTYPES = YES;
				CLANG_WARN_SUSPICIOUS_MOVE = YES;
				CLANG_WARN_UNGUARDED_AVAILABILITY = YES_AGGRESSIVE;
				CLANG_WARN_UNREACHABLE_CODE = YES;
				CLANG_WARN__DUPLICATE_METHOD_MATCH = YES;
				COPY_PHASE_STRIP = NO;
				DEBUG_INFORMATION_FORMAT = "dwarf-with-dsym";
				ENABLE_NS_ASSERTIONS = NO;
				ENABLE_STRICT_OBJC_MSGSEND = YES;
				ENABLE_USER_SCRIPT_SANDBOXING = YES;
				GCC_C_LANGUAGE_STANDARD = gnu17;
				GCC_NO_COMMON_BLOCKS = YES;
				GCC_WARN_64_TO_32_BIT_CONVERSION = YES;
				GCC_WARN_ABOUT_RETURN_TYPE = YES_ERROR;
				GCC_WARN_UNDECLARED_SELECTOR = YES;
				GCC_WARN_UNINITIALIZED_AUTOS = YES_AGGRESSIVE;
				GCC_WARN_UNUSED_FUNCTION = YES;
				GCC_WARN_UNUSED_VARIABLE = YES;
				IPHONEOS_DEPLOYMENT_TARGET = 17.4;
				LOCALIZATION_PREFERS_STRING_CATALOGS = YES;
				MTL_ENABLE_DEBUG_INFO = NO;
				MTL_FAST_MATH = YES;
				SDKROOT = iphoneos;
				SWIFT_COMPILATION_MODE = wholemodule;
				VALIDATE_PRODUCT = YES;
			};
			name = Release;
		};
		590E7EE22BBBC19F003282D7 /* Debug */ = {
			isa = XCBuildConfiguration;
			buildSettings = {
				ASSETCATALOG_COMPILER_APPICON_NAME = AppIcon;
				ASSETCATALOG_COMPILER_GLOBAL_ACCENT_COLOR_NAME = AccentColor;
				CODE_SIGN_STYLE = Automatic;
				CURRENT_PROJECT_VERSION = 1;
				DEVELOPMENT_TEAM = 9Y5YH6S952;
				GENERATE_INFOPLIST_FILE = YES;
				INFOPLIST_FILE = HelloIOS/Info.plist;
				INFOPLIST_KEY_UIApplicationSupportsIndirectInputEvents = YES;
				INFOPLIST_KEY_UILaunchStoryboardName = LaunchScreen;
				INFOPLIST_KEY_UIMainStoryboardFile = Main;
				INFOPLIST_KEY_UISupportedInterfaceOrientations_iPad = "UIInterfaceOrientationPortrait UIInterfaceOrientationPortraitUpsideDown UIInterfaceOrientationLandscapeLeft UIInterfaceOrientationLandscapeRight";
				INFOPLIST_KEY_UISupportedInterfaceOrientations_iPhone = "UIInterfaceOrientationPortrait UIInterfaceOrientationLandscapeLeft UIInterfaceOrientationLandscapeRight";
				IPHONEOS_DEPLOYMENT_TARGET = 16.2;
				LD_RUNPATH_SEARCH_PATHS = (
					"$(inherited)",
					"@executable_path/Frameworks",
				);
				MARKETING_VERSION = 1.0;
				PRODUCT_BUNDLE_IDENTIFIER = edu.uw.ischool.2375032.HelloIOS;
				PRODUCT_NAME = "$(TARGET_NAME)";
				SWIFT_EMIT_LOC_STRINGS = YES;
				SWIFT_VERSION = 5.0;
				TARGETED_DEVICE_FAMILY = "1,2";
			};
			name = Debug;
		};
		590E7EE32BBBC19F003282D7 /* Release */ = {
			isa = XCBuildConfiguration;
			buildSettings = {
				ASSETCATALOG_COMPILER_APPICON_NAME = AppIcon;
				ASSETCATALOG_COMPILER_GLOBAL_ACCENT_COLOR_NAME = AccentColor;
				CODE_SIGN_STYLE = Automatic;
				CURRENT_PROJECT_VERSION = 1;
				DEVELOPMENT_TEAM = 9Y5YH6S952;
				GENERATE_INFOPLIST_FILE = YES;
				INFOPLIST_FILE = HelloIOS/Info.plist;
				INFOPLIST_KEY_UIApplicationSupportsIndirectInputEvents = YES;
				INFOPLIST_KEY_UILaunchStoryboardName = LaunchScreen;
				INFOPLIST_KEY_UIMainStoryboardFile = Main;
				INFOPLIST_KEY_UISupportedInterfaceOrientations_iPad = "UIInterfaceOrientationPortrait UIInterfaceOrientationPortraitUpsideDown UIInterfaceOrientationLandscapeLeft UIInterfaceOrientationLandscapeRight";
				INFOPLIST_KEY_UISupportedInterfaceOrientations_iPhone = "UIInterfaceOrientationPortrait UIInterfaceOrientationLandscapeLeft UIInterfaceOrientationLandscapeRight";
				IPHONEOS_DEPLOYMENT_TARGET = 16.2;
				LD_RUNPATH_SEARCH_PATHS = (
					"$(inherited)",
					"@executable_path/Frameworks",
				);
				MARKETING_VERSION = 1.0;
				PRODUCT_BUNDLE_IDENTIFIER = edu.uw.ischool.2375032.HelloIOS;
				PRODUCT_NAME = "$(TARGET_NAME)";
				SWIFT_EMIT_LOC_STRINGS = YES;
				SWIFT_VERSION = 5.0;
				TARGETED_DEVICE_FAMILY = "1,2";
			};
			name = Release;
		};
		590E7EE52BBBC19F003282D7 /* Debug */ = {
			isa = XCBuildConfiguration;
			buildSettings = {
				ALWAYS_EMBED_SWIFT_STANDARD_LIBRARIES = YES;
				BUNDLE_LOADER = "$(TEST_HOST)";
				CODE_SIGN_STYLE = Automatic;
				CURRENT_PROJECT_VERSION = 1;
				GENERATE_INFOPLIST_FILE = YES;
				IPHONEOS_DEPLOYMENT_TARGET = 17.4;
				MARKETING_VERSION = 1.0;
				PRODUCT_BUNDLE_IDENTIFIER = edu.uw.ischool.2375032.HelloIOSTests;
				PRODUCT_NAME = "$(TARGET_NAME)";
				SWIFT_EMIT_LOC_STRINGS = NO;
				SWIFT_VERSION = 5.0;
				TARGETED_DEVICE_FAMILY = "1,2";
				TEST_HOST = "$(BUILT_PRODUCTS_DIR)/HelloIOS.app/$(BUNDLE_EXECUTABLE_FOLDER_PATH)/HelloIOS";
			};
			name = Debug;
		};
		590E7EE62BBBC19F003282D7 /* Release */ = {
			isa = XCBuildConfiguration;
			buildSettings = {
				ALWAYS_EMBED_SWIFT_STANDARD_LIBRARIES = YES;
				BUNDLE_LOADER = "$(TEST_HOST)";
				CODE_SIGN_STYLE = Automatic;
				CURRENT_PROJECT_VERSION = 1;
				GENERATE_INFOPLIST_FILE = YES;
				IPHONEOS_DEPLOYMENT_TARGET = 17.4;
				MARKETING_VERSION = 1.0;
				PRODUCT_BUNDLE_IDENTIFIER = edu.uw.ischool.2375032.HelloIOSTests;
				PRODUCT_NAME = "$(TARGET_NAME)";
				SWIFT_EMIT_LOC_STRINGS = NO;
				SWIFT_VERSION = 5.0;
				TARGETED_DEVICE_FAMILY = "1,2";
				TEST_HOST = "$(BUILT_PRODUCTS_DIR)/HelloIOS.app/$(BUNDLE_EXECUTABLE_FOLDER_PATH)/HelloIOS";
			};
			name = Release;
		};
		590E7EE82BBBC19F003282D7 /* Debug */ = {
			isa = XCBuildConfiguration;
			buildSettings = {
				ALWAYS_EMBED_SWIFT_STANDARD_LIBRARIES = YES;
				CODE_SIGN_STYLE = Automatic;
				CURRENT_PROJECT_VERSION = 1;
				GENERATE_INFOPLIST_FILE = YES;
				MARKETING_VERSION = 1.0;
				PRODUCT_BUNDLE_IDENTIFIER = edu.uw.ischool.2375032.HelloIOSUITests;
				PRODUCT_NAME = "$(TARGET_NAME)";
				SWIFT_EMIT_LOC_STRINGS = NO;
				SWIFT_VERSION = 5.0;
				TARGETED_DEVICE_FAMILY = "1,2";
				TEST_TARGET_NAME = HelloIOS;
			};
			name = Debug;
		};
		590E7EE92BBBC19F003282D7 /* Release */ = {
			isa = XCBuildConfiguration;
			buildSettings = {
				ALWAYS_EMBED_SWIFT_STANDARD_LIBRARIES = YES;
				CODE_SIGN_STYLE = Automatic;
				CURRENT_PROJECT_VERSION = 1;
				GENERATE_INFOPLIST_FILE = YES;
				MARKETING_VERSION = 1.0;
				PRODUCT_BUNDLE_IDENTIFIER = edu.uw.ischool.2375032.HelloIOSUITests;
				PRODUCT_NAME = "$(TARGET_NAME)";
				SWIFT_EMIT_LOC_STRINGS = NO;
				SWIFT_VERSION = 5.0;
				TARGETED_DEVICE_FAMILY = "1,2";
				TEST_TARGET_NAME = HelloIOS;
			};
			name = Release;
		};
/* End XCBuildConfiguration section */

/* Begin XCConfigurationList section */
		590E7EB22BBBC19F003282D7 /* Build configuration list for PBXProject "HelloIOS" */ = {
			isa = XCConfigurationList;
			buildConfigurations = (
				590E7EDF2BBBC19F003282D7 /* Debug */,
				590E7EE02BBBC19F003282D7 /* Release */,
			);
			defaultConfigurationIsVisible = 0;
			defaultConfigurationName = Release;
		};
		590E7EE12BBBC19F003282D7 /* Build configuration list for PBXNativeTarget "HelloIOS" */ = {
			isa = XCConfigurationList;
			buildConfigurations = (
				590E7EE22BBBC19F003282D7 /* Debug */,
				590E7EE32BBBC19F003282D7 /* Release */,
			);
			defaultConfigurationIsVisible = 0;
			defaultConfigurationName = Release;
		};
		590E7EE42BBBC19F003282D7 /* Build configuration list for PBXNativeTarget "HelloIOSTests" */ = {
			isa = XCConfigurationList;
			buildConfigurations = (
				590E7EE52BBBC19F003282D7 /* Debug */,
				590E7EE62BBBC19F003282D7 /* Release */,
			);
			defaultConfigurationIsVisible = 0;
			defaultConfigurationName = Release;
		};
		590E7EE72BBBC19F003282D7 /* Build configuration list for PBXNativeTarget "HelloIOSUITests" */ = {
			isa = XCConfigurationList;
			buildConfigurations = (
				590E7EE82BBBC19F003282D7 /* Debug */,
				590E7EE92BBBC19F003282D7 /* Release */,
			);
			defaultConfigurationIsVisible = 0;
			defaultConfigurationName = Release;
		};
/* End XCConfigurationList section */
	};
	rootObject = 590E7EAF2BBBC19F003282D7 /* Project object */;
}
